
Microsoft Visual Studio Solution File, Format Version 12.00
# Visual Studio 15
VisualStudioVersion = 15.0.26730.10
MinimumVisualStudioVersion = 10.0.40219.1
Project("{FAE04EC0-301F-11D3-BF4B-00C04F79EFBC}") = "OnPictureBoxClicked", "OnPictureBoxClicked\OnPictureBoxClicked.csproj", "{063DAF9E-B3BE-43F4-B621-48A18E9F595F}"
EndProject
Global
	GlobalSection(SolutionConfigurationPlatforms) = preSolution
		Debug|Any CPU = Debug|Any CPU
		Release|Any CPU = Release|Any CPU
	EndGlobalSection
	GlobalSection(ProjectConfigurationPlatforms) = postSolution
		{063DAF9E-B3BE-43F4-B621-48A18E9F595F}.Debug|Any CPU.ActiveCfg = Debug|Any CPU
		{063DAF9E-B3BE-43F4-B621-48A18E9F595F}.Debug|Any CPU.Build.0 = Debug|Any CPU
		{063DAF9E-B3BE-43F4-B621-48A18E9F595F}.Release|Any CPU.ActiveCfg = Release|Any CPU
		{063DAF9E-B3BE-43F4-B621-48A18E9F595F}.Release|Any CPU.Build.0 = Release|Any CPU
	EndGlobalSection
	GlobalSection(SolutionProperties) = preSolution
		HideSolutionNode = FALSE
	EndGlobalSection
	GlobalSection(ExtensibilityGlobals) = postSolution
		SolutionGuid = {FC1BD5D1-7FAE-401D-AAD5-75C13707A7E8}
	EndGlobalSection
EndGlobal
